// !$*UTF8*$!
{
	archiveVersion = 1;
	classes = {
	};
	objectVersion = 56;
	objects = {

/* Begin PBXBuildFile section */
		BABA5934299588B50006C3AA /* Assets.xcassets in Resources */ = {isa = PBXBuildFile; fileRef = BABA5933299588B50006C3AA /* Assets.xcassets */; };
		BABA5938299588B50006C3AA /* Preview Assets.xcassets in Resources */ = {isa = PBXBuildFile; fileRef = BABA5937299588B50006C3AA /* Preview Assets.xcassets */; };
		BABA5942299588B50006C3AA /* SqaureTestTests.swift in Sources */ = {isa = PBXBuildFile; fileRef = BABA5941299588B50006C3AA /* SqaureTestTests.swift */; };
		BABA594C299588B50006C3AA /* SqaureTestUITests.swift in Sources */ = {isa = PBXBuildFile; fileRef = BABA594B299588B50006C3AA /* SqaureTestUITests.swift */; };
		BABA594E299588B50006C3AA /* SqaureTestUITestsLaunchTests.swift in Sources */ = {isa = PBXBuildFile; fileRef = BABA594D299588B50006C3AA /* SqaureTestUITestsLaunchTests.swift */; };
		BABA595C2995891F0006C3AA /* AppDelegate.swift in Sources */ = {isa = PBXBuildFile; fileRef = BABA595B2995891F0006C3AA /* AppDelegate.swift */; };
		BABA595F29958ABA0006C3AA /* EmployeeViewController.swift in Sources */ = {isa = PBXBuildFile; fileRef = BABA595E29958ABA0006C3AA /* EmployeeViewController.swift */; };
		BABA596129958D940006C3AA /* CellSizes.swift in Sources */ = {isa = PBXBuildFile; fileRef = BABA596029958D940006C3AA /* CellSizes.swift */; };
		BABA596629958DB20006C3AA /* DataClient.swift in Sources */ = {isa = PBXBuildFile; fileRef = BABA596329958DB20006C3AA /* DataClient.swift */; };
		BABA596729958DB20006C3AA /* HttpClient.swift in Sources */ = {isa = PBXBuildFile; fileRef = BABA596429958DB20006C3AA /* HttpClient.swift */; };
		BABA596829958DB20006C3AA /* Errors.swift in Sources */ = {isa = PBXBuildFile; fileRef = BABA596529958DB20006C3AA /* Errors.swift */; };
		BABA596A2995E6B80006C3AA /* EmployeeCell.swift in Sources */ = {isa = PBXBuildFile; fileRef = BABA59692995E6B80006C3AA /* EmployeeCell.swift */; };
		BABA596D2995E7870006C3AA /* Employee.swift in Sources */ = {isa = PBXBuildFile; fileRef = BABA596C2995E7870006C3AA /* Employee.swift */; };
		BABA596F2995EB610006C3AA /* EmployeeCellContentView.swift in Sources */ = {isa = PBXBuildFile; fileRef = BABA596E2995EB610006C3AA /* EmployeeCellContentView.swift */; };
		BABA59752995F5E80006C3AA /* LaunchScreen.storyboard in Resources */ = {isa = PBXBuildFile; fileRef = BABA59742995F5E80006C3AA /* LaunchScreen.storyboard */; };
		BABA59772995F7680006C3AA /* SceneDelegate.swift in Sources */ = {isa = PBXBuildFile; fileRef = BABA59762995F7680006C3AA /* SceneDelegate.swift */; };
/* End PBXBuildFile section */

/* Begin PBXContainerItemProxy section */
		BABA593E299588B50006C3AA /* PBXContainerItemProxy */ = {
			isa = PBXContainerItemProxy;
			containerPortal = BABA5924299588B40006C3AA /* Project object */;
			proxyType = 1;
			remoteGlobalIDString = BABA592B299588B40006C3AA;
			remoteInfo = SqaureTest;
		};
		BABA5948299588B50006C3AA /* PBXContainerItemProxy */ = {
			isa = PBXContainerItemProxy;
			containerPortal = BABA5924299588B40006C3AA /* Project object */;
			proxyType = 1;
			remoteGlobalIDString = BABA592B299588B40006C3AA;
			remoteInfo = SqaureTest;
		};
/* End PBXContainerItemProxy section */

/* Begin PBXFileReference section */
		BABA592C299588B40006C3AA /* SqaureTest.app */ = {isa = PBXFileReference; explicitFileType = wrapper.application; includeInIndex = 0; path = SqaureTest.app; sourceTree = BUILT_PRODUCTS_DIR; };
		BABA5933299588B50006C3AA /* Assets.xcassets */ = {isa = PBXFileReference; lastKnownFileType = folder.assetcatalog; path = Assets.xcassets; sourceTree = "<group>"; };
		BABA5935299588B50006C3AA /* SqaureTest.entitlements */ = {isa = PBXFileReference; lastKnownFileType = text.plist.entitlements; path = SqaureTest.entitlements; sourceTree = "<group>"; };
		BABA5937299588B50006C3AA /* Preview Assets.xcassets */ = {isa = PBXFileReference; lastKnownFileType = folder.assetcatalog; path = "Preview Assets.xcassets"; sourceTree = "<group>"; };
		BABA593D299588B50006C3AA /* SqaureTestTests.xctest */ = {isa = PBXFileReference; explicitFileType = wrapper.cfbundle; includeInIndex = 0; path = SqaureTestTests.xctest; sourceTree = BUILT_PRODUCTS_DIR; };
		BABA5941299588B50006C3AA /* SqaureTestTests.swift */ = {isa = PBXFileReference; lastKnownFileType = sourcecode.swift; path = SqaureTestTests.swift; sourceTree = "<group>"; };
		BABA5947299588B50006C3AA /* SqaureTestUITests.xctest */ = {isa = PBXFileReference; explicitFileType = wrapper.cfbundle; includeInIndex = 0; path = SqaureTestUITests.xctest; sourceTree = BUILT_PRODUCTS_DIR; };
		BABA594B299588B50006C3AA /* SqaureTestUITests.swift */ = {isa = PBXFileReference; lastKnownFileType = sourcecode.swift; path = SqaureTestUITests.swift; sourceTree = "<group>"; };
		BABA594D299588B50006C3AA /* SqaureTestUITestsLaunchTests.swift */ = {isa = PBXFileReference; lastKnownFileType = sourcecode.swift; path = SqaureTestUITestsLaunchTests.swift; sourceTree = "<group>"; };
		BABA595B2995891F0006C3AA /* AppDelegate.swift */ = {isa = PBXFileReference; fileEncoding = 4; lastKnownFileType = sourcecode.swift; path = AppDelegate.swift; sourceTree = "<group>"; };
		BABA595E29958ABA0006C3AA /* EmployeeViewController.swift */ = {isa = PBXFileReference; lastKnownFileType = sourcecode.swift; path = EmployeeViewController.swift; sourceTree = "<group>"; };
		BABA596029958D940006C3AA /* CellSizes.swift */ = {isa = PBXFileReference; fileEncoding = 4; lastKnownFileType = sourcecode.swift; path = CellSizes.swift; sourceTree = "<group>"; };
		BABA596329958DB20006C3AA /* DataClient.swift */ = {isa = PBXFileReference; fileEncoding = 4; lastKnownFileType = sourcecode.swift; path = DataClient.swift; sourceTree = "<group>"; };
		BABA596429958DB20006C3AA /* HttpClient.swift */ = {isa = PBXFileReference; fileEncoding = 4; lastKnownFileType = sourcecode.swift; path = HttpClient.swift; sourceTree = "<group>"; };
		BABA596529958DB20006C3AA /* Errors.swift */ = {isa = PBXFileReference; fileEncoding = 4; lastKnownFileType = sourcecode.swift; path = Errors.swift; sourceTree = "<group>"; };
		BABA59692995E6B80006C3AA /* EmployeeCell.swift */ = {isa = PBXFileReference; lastKnownFileType = sourcecode.swift; path = EmployeeCell.swift; sourceTree = "<group>"; };
		BABA596C2995E7870006C3AA /* Employee.swift */ = {isa = PBXFileReference; lastKnownFileType = sourcecode.swift; path = Employee.swift; sourceTree = "<group>"; };
		BABA596E2995EB610006C3AA /* EmployeeCellContentView.swift */ = {isa = PBXFileReference; lastKnownFileType = sourcecode.swift; path = EmployeeCellContentView.swift; sourceTree = "<group>"; };
		BABA59722995F1EC0006C3AA /* Info.plist */ = {isa = PBXFileReference; fileEncoding = 4; lastKnownFileType = text.plist.xml; path = Info.plist; sourceTree = "<group>"; };
		BABA59742995F5E80006C3AA /* LaunchScreen.storyboard */ = {isa = PBXFileReference; lastKnownFileType = file.storyboard; path = LaunchScreen.storyboard; sourceTree = "<group>"; };
		BABA59762995F7680006C3AA /* SceneDelegate.swift */ = {isa = PBXFileReference; lastKnownFileType = sourcecode.swift; path = SceneDelegate.swift; sourceTree = "<group>"; };
/* End PBXFileReference section */

/* Begin PBXFrameworksBuildPhase section */
		BABA5929299588B40006C3AA /* Frameworks */ = {
			isa = PBXFrameworksBuildPhase;
			buildActionMask = 2147483647;
			files = (
			);
			runOnlyForDeploymentPostprocessing = 0;
		};
		BABA593A299588B50006C3AA /* Frameworks */ = {
			isa = PBXFrameworksBuildPhase;
			buildActionMask = 2147483647;
			files = (
			);
			runOnlyForDeploymentPostprocessing = 0;
		};
		BABA5944299588B50006C3AA /* Frameworks */ = {
			isa = PBXFrameworksBuildPhase;
			buildActionMask = 2147483647;
			files = (
			);
			runOnlyForDeploymentPostprocessing = 0;
		};
/* End PBXFrameworksBuildPhase section */

/* Begin PBXGroup section */
		BABA5923299588B40006C3AA = {
			isa = PBXGroup;
			children = (
				BABA592E299588B40006C3AA /* SqaureTest */,
				BABA5940299588B50006C3AA /* SqaureTestTests */,
				BABA594A299588B50006C3AA /* SqaureTestUITests */,
				BABA592D299588B40006C3AA /* Products */,
			);
			sourceTree = "<group>";
		};
		BABA592D299588B40006C3AA /* Products */ = {
			isa = PBXGroup;
			children = (
				BABA592C299588B40006C3AA /* SqaureTest.app */,
				BABA593D299588B50006C3AA /* SqaureTestTests.xctest */,
				BABA5947299588B50006C3AA /* SqaureTestUITests.xctest */,
			);
			name = Products;
			sourceTree = "<group>";
		};
		BABA592E299588B40006C3AA /* SqaureTest */ = {
			isa = PBXGroup;
			children = (
				BABA59722995F1EC0006C3AA /* Info.plist */,
				BABA596B2995E7370006C3AA /* Models */,
				BABA596229958DB20006C3AA /* Client */,
				BABA595A299589050006C3AA /* Launch */,
				BABA595D2995895F0006C3AA /* UI */,
				BABA5933299588B50006C3AA /* Assets.xcassets */,
				BABA5935299588B50006C3AA /* SqaureTest.entitlements */,
				BABA5936299588B50006C3AA /* Preview Content */,
			);
			path = SqaureTest;
			sourceTree = "<group>";
		};
		BABA5936299588B50006C3AA /* Preview Content */ = {
			isa = PBXGroup;
			children = (
				BABA5937299588B50006C3AA /* Preview Assets.xcassets */,
			);
			path = "Preview Content";
			sourceTree = "<group>";
		};
		BABA5940299588B50006C3AA /* SqaureTestTests */ = {
			isa = PBXGroup;
			children = (
				BABA5941299588B50006C3AA /* SqaureTestTests.swift */,
			);
			path = SqaureTestTests;
			sourceTree = "<group>";
		};
		BABA594A299588B50006C3AA /* SqaureTestUITests */ = {
			isa = PBXGroup;
			children = (
				BABA594B299588B50006C3AA /* SqaureTestUITests.swift */,
				BABA594D299588B50006C3AA /* SqaureTestUITestsLaunchTests.swift */,
			);
			path = SqaureTestUITests;
			sourceTree = "<group>";
		};
		BABA595A299589050006C3AA /* Launch */ = {
			isa = PBXGroup;
			children = (
				BABA59742995F5E80006C3AA /* LaunchScreen.storyboard */,
				BABA595B2995891F0006C3AA /* AppDelegate.swift */,
				BABA59762995F7680006C3AA /* SceneDelegate.swift */,
			);
			path = Launch;
			sourceTree = "<group>";
		};
		BABA595D2995895F0006C3AA /* UI */ = {
			isa = PBXGroup;
			children = (
				BABA596029958D940006C3AA /* CellSizes.swift */,
				BABA595E29958ABA0006C3AA /* EmployeeViewController.swift */,
				BABA59702995EB670006C3AA /* Cells */,
			);
			path = UI;
			sourceTree = "<group>";
		};
		BABA596229958DB20006C3AA /* Client */ = {
			isa = PBXGroup;
			children = (
				BABA596329958DB20006C3AA /* DataClient.swift */,
				BABA596429958DB20006C3AA /* HttpClient.swift */,
				BABA596529958DB20006C3AA /* Errors.swift */,
			);
			path = Client;
			sourceTree = "<group>";
		};
		BABA596B2995E7370006C3AA /* Models */ = {
			isa = PBXGroup;
			children = (
				BABA596C2995E7870006C3AA /* Employee.swift */,
			);
			path = Models;
			sourceTree = "<group>";
		};
		BABA59702995EB670006C3AA /* Cells */ = {
			isa = PBXGroup;
			children = (
				BABA59692995E6B80006C3AA /* EmployeeCell.swift */,
				BABA596E2995EB610006C3AA /* EmployeeCellContentView.swift */,
			);
			path = Cells;
			sourceTree = "<group>";
		};
/* End PBXGroup section */

/* Begin PBXNativeTarget section */
		BABA592B299588B40006C3AA /* SqaureTest */ = {
			isa = PBXNativeTarget;
			buildConfigurationList = BABA5951299588B50006C3AA /* Build configuration list for PBXNativeTarget "SqaureTest" */;
			buildPhases = (
				BABA5928299588B40006C3AA /* Sources */,
				BABA5929299588B40006C3AA /* Frameworks */,
				BABA592A299588B40006C3AA /* Resources */,
			);
			buildRules = (
			);
			dependencies = (
			);
			name = SqaureTest;
			productName = SqaureTest;
			productReference = BABA592C299588B40006C3AA /* SqaureTest.app */;
			productType = "com.apple.product-type.application";
		};
		BABA593C299588B50006C3AA /* SqaureTestTests */ = {
			isa = PBXNativeTarget;
			buildConfigurationList = BABA5954299588B50006C3AA /* Build configuration list for PBXNativeTarget "SqaureTestTests" */;
			buildPhases = (
				BABA5939299588B50006C3AA /* Sources */,
				BABA593A299588B50006C3AA /* Frameworks */,
				BABA593B299588B50006C3AA /* Resources */,
			);
			buildRules = (
			);
			dependencies = (
				BABA593F299588B50006C3AA /* PBXTargetDependency */,
			);
			name = SqaureTestTests;
			productName = SqaureTestTests;
			productReference = BABA593D299588B50006C3AA /* SqaureTestTests.xctest */;
			productType = "com.apple.product-type.bundle.unit-test";
		};
		BABA5946299588B50006C3AA /* SqaureTestUITests */ = {
			isa = PBXNativeTarget;
			buildConfigurationList = BABA5957299588B50006C3AA /* Build configuration list for PBXNativeTarget "SqaureTestUITests" */;
			buildPhases = (
				BABA5943299588B50006C3AA /* Sources */,
				BABA5944299588B50006C3AA /* Frameworks */,
				BABA5945299588B50006C3AA /* Resources */,
			);
			buildRules = (
			);
			dependencies = (
				BABA5949299588B50006C3AA /* PBXTargetDependency */,
			);
			name = SqaureTestUITests;
			productName = SqaureTestUITests;
			productReference = BABA5947299588B50006C3AA /* SqaureTestUITests.xctest */;
			productType = "com.apple.product-type.bundle.ui-testing";
		};
/* End PBXNativeTarget section */

/* Begin PBXProject section */
		BABA5924299588B40006C3AA /* Project object */ = {
			isa = PBXProject;
			attributes = {
				BuildIndependentTargetsInParallel = 1;
				LastSwiftUpdateCheck = 1420;
				LastUpgradeCheck = 1420;
				TargetAttributes = {
					BABA592B299588B40006C3AA = {
						CreatedOnToolsVersion = 14.2;
					};
					BABA593C299588B50006C3AA = {
						CreatedOnToolsVersion = 14.2;
						TestTargetID = BABA592B299588B40006C3AA;
					};
					BABA5946299588B50006C3AA = {
						CreatedOnToolsVersion = 14.2;
						TestTargetID = BABA592B299588B40006C3AA;
					};
				};
			};
			buildConfigurationList = BABA5927299588B40006C3AA /* Build configuration list for PBXProject "SqaureTest" */;
			compatibilityVersion = "Xcode 14.0";
			developmentRegion = en;
			hasScannedForEncodings = 0;
			knownRegions = (
				en,
				Base,
			);
			mainGroup = BABA5923299588B40006C3AA;
			productRefGroup = BABA592D299588B40006C3AA /* Products */;
			projectDirPath = "";
			projectRoot = "";
			targets = (
				BABA592B299588B40006C3AA /* SqaureTest */,
				BABA593C299588B50006C3AA /* SqaureTestTests */,
				BABA5946299588B50006C3AA /* SqaureTestUITests */,
			);
		};
/* End PBXProject section */

/* Begin PBXResourcesBuildPhase section */
		BABA592A299588B40006C3AA /* Resources */ = {
			isa = PBXResourcesBuildPhase;
			buildActionMask = 2147483647;
			files = (
				BABA59752995F5E80006C3AA /* LaunchScreen.storyboard in Resources */,
				BABA5938299588B50006C3AA /* Preview Assets.xcassets in Resources */,
				BABA5934299588B50006C3AA /* Assets.xcassets in Resources */,
			);
			runOnlyForDeploymentPostprocessing = 0;
		};
		BABA593B299588B50006C3AA /* Resources */ = {
			isa = PBXResourcesBuildPhase;
			buildActionMask = 2147483647;
			files = (
			);
			runOnlyForDeploymentPostprocessing = 0;
		};
		BABA5945299588B50006C3AA /* Resources */ = {
			isa = PBXResourcesBuildPhase;
			buildActionMask = 2147483647;
			files = (
			);
			runOnlyForDeploymentPostprocessing = 0;
		};
/* End PBXResourcesBuildPhase section */

/* Begin PBXSourcesBuildPhase section */
		BABA5928299588B40006C3AA /* Sources */ = {
			isa = PBXSourcesBuildPhase;
			buildActionMask = 2147483647;
			files = (
				BABA596F2995EB610006C3AA /* EmployeeCellContentView.swift in Sources */,
				BABA596129958D940006C3AA /* CellSizes.swift in Sources */,
				BABA595C2995891F0006C3AA /* AppDelegate.swift in Sources */,
				BABA596D2995E7870006C3AA /* Employee.swift in Sources */,
				BABA596A2995E6B80006C3AA /* EmployeeCell.swift in Sources */,
				BABA59772995F7680006C3AA /* SceneDelegate.swift in Sources */,
				BABA595F29958ABA0006C3AA /* EmployeeViewController.swift in Sources */,
				BABA596829958DB20006C3AA /* Errors.swift in Sources */,
				BABA596729958DB20006C3AA /* HttpClient.swift in Sources */,
				BABA596629958DB20006C3AA /* DataClient.swift in Sources */,
			);
			runOnlyForDeploymentPostprocessing = 0;
		};
		BABA5939299588B50006C3AA /* Sources */ = {
			isa = PBXSourcesBuildPhase;
			buildActionMask = 2147483647;
			files = (
				BABA5942299588B50006C3AA /* SqaureTestTests.swift in Sources */,
			);
			runOnlyForDeploymentPostprocessing = 0;
		};
		BABA5943299588B50006C3AA /* Sources */ = {
			isa = PBXSourcesBuildPhase;
			buildActionMask = 2147483647;
			files = (
				BABA594C299588B50006C3AA /* SqaureTestUITests.swift in Sources */,
				BABA594E299588B50006C3AA /* SqaureTestUITestsLaunchTests.swift in Sources */,
			);
			runOnlyForDeploymentPostprocessing = 0;
		};
/* End PBXSourcesBuildPhase section */

/* Begin PBXTargetDependency section */
		BABA593F299588B50006C3AA /* PBXTargetDependency */ = {
			isa = PBXTargetDependency;
			target = BABA592B299588B40006C3AA /* SqaureTest */;
			targetProxy = BABA593E299588B50006C3AA /* PBXContainerItemProxy */;
		};
		BABA5949299588B50006C3AA /* PBXTargetDependency */ = {
			isa = PBXTargetDependency;
			target = BABA592B299588B40006C3AA /* SqaureTest */;
			targetProxy = BABA5948299588B50006C3AA /* PBXContainerItemProxy */;
		};
/* End PBXTargetDependency section */

/* Begin XCBuildConfiguration section */
		BABA594F299588B50006C3AA /* Debug */ = {
			isa = XCBuildConfiguration;
			buildSettings = {
				ALWAYS_SEARCH_USER_PATHS = NO;
				CLANG_ANALYZER_NONNULL = YES;
				CLANG_ANALYZER_NUMBER_OBJECT_CONVERSION = YES_AGGRESSIVE;
				CLANG_CXX_LANGUAGE_STANDARD = "gnu++20";
				CLANG_ENABLE_MODULES = YES;
				CLANG_ENABLE_OBJC_ARC = YES;
				CLANG_ENABLE_OBJC_WEAK = YES;
				CLANG_WARN_BLOCK_CAPTURE_AUTORELEASING = YES;
				CLANG_WARN_BOOL_CONVERSION = YES;
				CLANG_WARN_COMMA = YES;
				CLANG_WARN_CONSTANT_CONVERSION = YES;
				CLANG_WARN_DEPRECATED_OBJC_IMPLEMENTATIONS = YES;
				CLANG_WARN_DIRECT_OBJC_ISA_USAGE = YES_ERROR;
				CLANG_WARN_DOCUMENTATION_COMMENTS = YES;
				CLANG_WARN_EMPTY_BODY = YES;
				CLANG_WARN_ENUM_CONVERSION = YES;
				CLANG_WARN_INFINITE_RECURSION = YES;
				CLANG_WARN_INT_CONVERSION = YES;
				CLANG_WARN_NON_LITERAL_NULL_CONVERSION = YES;
				CLANG_WARN_OBJC_IMPLICIT_RETAIN_SELF = YES;
				CLANG_WARN_OBJC_LITERAL_CONVERSION = YES;
				CLANG_WARN_OBJC_ROOT_CLASS = YES_ERROR;
				CLANG_WARN_QUOTED_INCLUDE_IN_FRAMEWORK_HEADER = YES;
				CLANG_WARN_RANGE_LOOP_ANALYSIS = YES;
				CLANG_WARN_STRICT_PROTOTYPES = YES;
				CLANG_WARN_SUSPICIOUS_MOVE = YES;
				CLANG_WARN_UNGUARDED_AVAILABILITY = YES_AGGRESSIVE;
				CLANG_WARN_UNREACHABLE_CODE = YES;
				CLANG_WARN__DUPLICATE_METHOD_MATCH = YES;
				COPY_PHASE_STRIP = NO;
				DEBUG_INFORMATION_FORMAT = dwarf;
				ENABLE_STRICT_OBJC_MSGSEND = YES;
				ENABLE_TESTABILITY = YES;
				GCC_C_LANGUAGE_STANDARD = gnu11;
				GCC_DYNAMIC_NO_PIC = NO;
				GCC_NO_COMMON_BLOCKS = YES;
				GCC_OPTIMIZATION_LEVEL = 0;
				GCC_PREPROCESSOR_DEFINITIONS = (
					"DEBUG=1",
					"$(inherited)",
				);
				GCC_WARN_64_TO_32_BIT_CONVERSION = YES;
				GCC_WARN_ABOUT_RETURN_TYPE = YES_ERROR;
				GCC_WARN_UNDECLARED_SELECTOR = YES;
				GCC_WARN_UNINITIALIZED_AUTOS = YES_AGGRESSIVE;
				GCC_WARN_UNUSED_FUNCTION = YES;
				GCC_WARN_UNUSED_VARIABLE = YES;
				MTL_ENABLE_DEBUG_INFO = INCLUDE_SOURCE;
				MTL_FAST_MATH = YES;
				ONLY_ACTIVE_ARCH = YES;
				SWIFT_ACTIVE_COMPILATION_CONDITIONS = DEBUG;
				SWIFT_OPTIMIZATION_LEVEL = "-Onone";
			};
			name = Debug;
		};
		BABA5950299588B50006C3AA /* Release */ = {
			isa = XCBuildConfiguration;
			buildSettings = {
				ALWAYS_SEARCH_USER_PATHS = NO;
				CLANG_ANALYZER_NONNULL = YES;
				CLANG_ANALYZER_NUMBER_OBJECT_CONVERSION = YES_AGGRESSIVE;
				CLANG_CXX_LANGUAGE_STANDARD = "gnu++20";
				CLANG_ENABLE_MODULES = YES;
				CLANG_ENABLE_OBJC_ARC = YES;
				CLANG_ENABLE_OBJC_WEAK = YES;
				CLANG_WARN_BLOCK_CAPTURE_AUTORELEASING = YES;
				CLANG_WARN_BOOL_CONVERSION = YES;
				CLANG_WARN_COMMA = YES;
				CLANG_WARN_CONSTANT_CONVERSION = YES;
				CLANG_WARN_DEPRECATED_OBJC_IMPLEMENTATIONS = YES;
				CLANG_WARN_DIRECT_OBJC_ISA_USAGE = YES_ERROR;
				CLANG_WARN_DOCUMENTATION_COMMENTS = YES;
				CLANG_WARN_EMPTY_BODY = YES;
				CLANG_WARN_ENUM_CONVERSION = YES;
				CLANG_WARN_INFINITE_RECURSION = YES;
				CLANG_WARN_INT_CONVERSION = YES;
				CLANG_WARN_NON_LITERAL_NULL_CONVERSION = YES;
				CLANG_WARN_OBJC_IMPLICIT_RETAIN_SELF = YES;
				CLANG_WARN_OBJC_LITERAL_CONVERSION = YES;
				CLANG_WARN_OBJC_ROOT_CLASS = YES_ERROR;
				CLANG_WARN_QUOTED_INCLUDE_IN_FRAMEWORK_HEADER = YES;
				CLANG_WARN_RANGE_LOOP_ANALYSIS = YES;
				CLANG_WARN_STRICT_PROTOTYPES = YES;
				CLANG_WARN_SUSPICIOUS_MOVE = YES;
				CLANG_WARN_UNGUARDED_AVAILABILITY = YES_AGGRESSIVE;
				CLANG_WARN_UNREACHABLE_CODE = YES;
				CLANG_WARN__DUPLICATE_METHOD_MATCH = YES;
				COPY_PHASE_STRIP = NO;
				DEBUG_INFORMATION_FORMAT = "dwarf-with-dsym";
				ENABLE_NS_ASSERTIONS = NO;
				ENABLE_STRICT_OBJC_MSGSEND = YES;
				GCC_C_LANGUAGE_STANDARD = gnu11;
				GCC_NO_COMMON_BLOCKS = YES;
				GCC_WARN_64_TO_32_BIT_CONVERSION = YES;
				GCC_WARN_ABOUT_RETURN_TYPE = YES_ERROR;
				GCC_WARN_UNDECLARED_SELECTOR = YES;
				GCC_WARN_UNINITIALIZED_AUTOS = YES_AGGRESSIVE;
				GCC_WARN_UNUSED_FUNCTION = YES;
				GCC_WARN_UNUSED_VARIABLE = YES;
				MTL_ENABLE_DEBUG_INFO = NO;
				MTL_FAST_MATH = YES;
				SWIFT_COMPILATION_MODE = wholemodule;
				SWIFT_OPTIMIZATION_LEVEL = "-O";
			};
			name = Release;
		};
		BABA5952299588B50006C3AA /* Debug */ = {
			isa = XCBuildConfiguration;
			buildSettings = {
				ASSETCATALOG_COMPILER_APPICON_NAME = AppIcon;
				ASSETCATALOG_COMPILER_GLOBAL_ACCENT_COLOR_NAME = AccentColor;
				CODE_SIGN_ENTITLEMENTS = SqaureTest/SqaureTest.entitlements;
				CODE_SIGN_STYLE = Automatic;
				CURRENT_PROJECT_VERSION = 1;
				DEVELOPMENT_ASSET_PATHS = "\"SqaureTest/Preview Content\"";
				DEVELOPMENT_TEAM = 2KLC5XX3QG;
				ENABLE_HARDENED_RUNTIME = YES;
				ENABLE_PREVIEWS = YES;
				GENERATE_INFOPLIST_FILE = YES;
				INFOPLIST_FILE = SqaureTest/Info.plist;
				"INFOPLIST_KEY_UIApplicationSceneManifest_Generation[sdk=iphoneos*]" = YES;
				"INFOPLIST_KEY_UIApplicationSceneManifest_Generation[sdk=iphonesimulator*]" = YES;
				"INFOPLIST_KEY_UIApplicationSupportsIndirectInputEvents[sdk=iphoneos*]" = YES;
				"INFOPLIST_KEY_UIApplicationSupportsIndirectInputEvents[sdk=iphonesimulator*]" = YES;
				"INFOPLIST_KEY_UILaunchScreen_Generation[sdk=iphoneos*]" = YES;
				"INFOPLIST_KEY_UILaunchScreen_Generation[sdk=iphonesimulator*]" = YES;
				INFOPLIST_KEY_UILaunchStoryboardName = LaunchScreen.storyboard;
				"INFOPLIST_KEY_UIStatusBarStyle[sdk=iphoneos*]" = UIStatusBarStyleDefault;
				"INFOPLIST_KEY_UIStatusBarStyle[sdk=iphonesimulator*]" = UIStatusBarStyleDefault;
				INFOPLIST_KEY_UISupportedInterfaceOrientations_iPad = "UIInterfaceOrientationPortrait UIInterfaceOrientationPortraitUpsideDown UIInterfaceOrientationLandscapeLeft UIInterfaceOrientationLandscapeRight";
				INFOPLIST_KEY_UISupportedInterfaceOrientations_iPhone = "UIInterfaceOrientationPortrait UIInterfaceOrientationLandscapeLeft UIInterfaceOrientationLandscapeRight";
				IPHONEOS_DEPLOYMENT_TARGET = 16.2;
				LD_RUNPATH_SEARCH_PATHS = "@executable_path/Frameworks";
				"LD_RUNPATH_SEARCH_PATHS[sdk=macosx*]" = "@executable_path/../Frameworks";
				MACOSX_DEPLOYMENT_TARGET = 12.6;
				MARKETING_VERSION = 1.0;
				PRODUCT_BUNDLE_IDENTIFIER = Swiftech.SqaureTest;
				PRODUCT_NAME = "$(TARGET_NAME)";
				SDKROOT = auto;
				SUPPORTED_PLATFORMS = "iphoneos iphonesimulator";
				SUPPORTS_MACCATALYST = NO;
				SUPPORTS_MAC_DESIGNED_FOR_IPHONE_IPAD = NO;
				SWIFT_EMIT_LOC_STRINGS = YES;
				SWIFT_VERSION = 5.0;
				TARGETED_DEVICE_FAMILY = 1;
			};
			name = Debug;
		};
		BABA5953299588B50006C3AA /* Release */ = {
			isa = XCBuildConfiguration;
			buildSettings = {
				ASSETCATALOG_COMPILER_APPICON_NAME = AppIcon;
				ASSETCATALOG_COMPILER_GLOBAL_ACCENT_COLOR_NAME = AccentColor;
				CODE_SIGN_ENTITLEMENTS = SqaureTest/SqaureTest.entitlements;
				CODE_SIGN_STYLE = Automatic;
				CURRENT_PROJECT_VERSION = 1;
				DEVELOPMENT_ASSET_PATHS = "\"SqaureTest/Preview Content\"";
				DEVELOPMENT_TEAM = 2KLC5XX3QG;
				ENABLE_HARDENED_RUNTIME = YES;
				ENABLE_PREVIEWS = YES;
				GENERATE_INFOPLIST_FILE = YES;
				INFOPLIST_FILE = SqaureTest/Info.plist;
				"INFOPLIST_KEY_UIApplicationSceneManifest_Generation[sdk=iphoneos*]" = YES;
				"INFOPLIST_KEY_UIApplicationSceneManifest_Generation[sdk=iphonesimulator*]" = YES;
				"INFOPLIST_KEY_UIApplicationSupportsIndirectInputEvents[sdk=iphoneos*]" = YES;
				"INFOPLIST_KEY_UIApplicationSupportsIndirectInputEvents[sdk=iphonesimulator*]" = YES;
				"INFOPLIST_KEY_UILaunchScreen_Generation[sdk=iphoneos*]" = YES;
				"INFOPLIST_KEY_UILaunchScreen_Generation[sdk=iphonesimulator*]" = YES;
				INFOPLIST_KEY_UILaunchStoryboardName = LaunchScreen.storyboard;
				"INFOPLIST_KEY_UIStatusBarStyle[sdk=iphoneos*]" = UIStatusBarStyleDefault;
				"INFOPLIST_KEY_UIStatusBarStyle[sdk=iphonesimulator*]" = UIStatusBarStyleDefault;
				INFOPLIST_KEY_UISupportedInterfaceOrientations_iPad = "UIInterfaceOrientationPortrait UIInterfaceOrientationPortraitUpsideDown UIInterfaceOrientationLandscapeLeft UIInterfaceOrientationLandscapeRight";
				INFOPLIST_KEY_UISupportedInterfaceOrientations_iPhone = "UIInterfaceOrientationPortrait UIInterfaceOrientationLandscapeLeft UIInterfaceOrientationLandscapeRight";
				IPHONEOS_DEPLOYMENT_TARGET = 16.2;
				LD_RUNPATH_SEARCH_PATHS = "@executable_path/Frameworks";
				"LD_RUNPATH_SEARCH_PATHS[sdk=macosx*]" = "@executable_path/../Frameworks";
				MACOSX_DEPLOYMENT_TARGET = 12.6;
				MARKETING_VERSION = 1.0;
				PRODUCT_BUNDLE_IDENTIFIER = Swiftech.SqaureTest;
				PRODUCT_NAME = "$(TARGET_NAME)";
				SDKROOT = auto;
				SUPPORTED_PLATFORMS = "iphoneos iphonesimulator";
				SUPPORTS_MACCATALYST = NO;
				SUPPORTS_MAC_DESIGNED_FOR_IPHONE_IPAD = NO;
				SWIFT_EMIT_LOC_STRINGS = YES;
				SWIFT_VERSION = 5.0;
				TARGETED_DEVICE_FAMILY = 1;
			};
			name = Release;
		};
		BABA5955299588B50006C3AA /* Debug */ = {
			isa = XCBuildConfiguration;
			buildSettings = {
				ALWAYS_EMBED_SWIFT_STANDARD_LIBRARIES = YES;
				BUNDLE_LOADER = "$(TEST_HOST)";
				CODE_SIGN_STYLE = Automatic;
				CURRENT_PROJECT_VERSION = 1;
				DEVELOPMENT_TEAM = 2KLC5XX3QG;
				GENERATE_INFOPLIST_FILE = YES;
				IPHONEOS_DEPLOYMENT_TARGET = 16.2;
				MACOSX_DEPLOYMENT_TARGET = 12.6;
				MARKETING_VERSION = 1.0;
				PRODUCT_BUNDLE_IDENTIFIER = Swiftech.SqaureTestTests;
				PRODUCT_NAME = "$(TARGET_NAME)";
				SDKROOT = auto;
				SUPPORTED_PLATFORMS = "iphoneos iphonesimulator macosx";
				SWIFT_EMIT_LOC_STRINGS = NO;
				SWIFT_VERSION = 5.0;
				TARGETED_DEVICE_FAMILY = "1,2";
				TEST_HOST = "$(BUILT_PRODUCTS_DIR)/SqaureTest.app/$(BUNDLE_EXECUTABLE_FOLDER_PATH)/SqaureTest";
			};
			name = Debug;
		};
		BABA5956299588B50006C3AA /* Release */ = {
			isa = XCBuildConfiguration;
			buildSettings = {
				ALWAYS_EMBED_SWIFT_STANDARD_LIBRARIES = YES;
				BUNDLE_LOADER = "$(TEST_HOST)";
				CODE_SIGN_STYLE = Automatic;
				CURRENT_PROJECT_VERSION = 1;
				DEVELOPMENT_TEAM = 2KLC5XX3QG;
				GENERATE_INFOPLIST_FILE = YES;
				IPHONEOS_DEPLOYMENT_TARGET = 16.2;
				MACOSX_DEPLOYMENT_TARGET = 12.6;
				MARKETING_VERSION = 1.0;
				PRODUCT_BUNDLE_IDENTIFIER = Swiftech.SqaureTestTests;
				PRODUCT_NAME = "$(TARGET_NAME)";
				SDKROOT = auto;
				SUPPORTED_PLATFORMS = "iphoneos iphonesimulator macosx";
				SWIFT_EMIT_LOC_STRINGS = NO;
				SWIFT_VERSION = 5.0;
				TARGETED_DEVICE_FAMILY = "1,2";
				TEST_HOST = "$(BUILT_PRODUCTS_DIR)/SqaureTest.app/$(BUNDLE_EXECUTABLE_FOLDER_PATH)/SqaureTest";
			};
			name = Release;
		};
		BABA5958299588B50006C3AA /* Debug */ = {
			isa = XCBuildConfiguration;
			buildSettings = {
				ALWAYS_EMBED_SWIFT_STANDARD_LIBRARIES = YES;
				CODE_SIGN_STYLE = Automatic;
				CURRENT_PROJECT_VERSION = 1;
				DEVELOPMENT_TEAM = 2KLC5XX3QG;
				GENERATE_INFOPLIST_FILE = YES;
				IPHONEOS_DEPLOYMENT_TARGET = 16.2;
				MACOSX_DEPLOYMENT_TARGET = 12.6;
				MARKETING_VERSION = 1.0;
				PRODUCT_BUNDLE_IDENTIFIER = Swiftech.SqaureTestUITests;
				PRODUCT_NAME = "$(TARGET_NAME)";
				SDKROOT = auto;
				SUPPORTED_PLATFORMS = "iphoneos iphonesimulator macosx";
				SWIFT_EMIT_LOC_STRINGS = NO;
				SWIFT_VERSION = 5.0;
				TARGETED_DEVICE_FAMILY = "1,2";
				TEST_TARGET_NAME = SqaureTest;
			};
			name = Debug;
		};
		BABA5959299588B50006C3AA /* Release */ = {
			isa = XCBuildConfiguration;
			buildSettings = {
				ALWAYS_EMBED_SWIFT_STANDARD_LIBRARIES = YES;
				CODE_SIGN_STYLE = Automatic;
				CURRENT_PROJECT_VERSION = 1;
				DEVELOPMENT_TEAM = 2KLC5XX3QG;
				GENERATE_INFOPLIST_FILE = YES;
				IPHONEOS_DEPLOYMENT_TARGET = 16.2;
				MACOSX_DEPLOYMENT_TARGET = 12.6;
				MARKETING_VERSION = 1.0;
				PRODUCT_BUNDLE_IDENTIFIER = Swiftech.SqaureTestUITests;
				PRODUCT_NAME = "$(TARGET_NAME)";
				SDKROOT = auto;
				SUPPORTED_PLATFORMS = "iphoneos iphonesimulator macosx";
				SWIFT_EMIT_LOC_STRINGS = NO;
				SWIFT_VERSION = 5.0;
				TARGETED_DEVICE_FAMILY = "1,2";
				TEST_TARGET_NAME = SqaureTest;
			};
			name = Release;
		};
/* End XCBuildConfiguration section */

/* Begin XCConfigurationList section */
		BABA5927299588B40006C3AA /* Build configuration list for PBXProject "SqaureTest" */ = {
			isa = XCConfigurationList;
			buildConfigurations = (
				BABA594F299588B50006C3AA /* Debug */,
				BABA5950299588B50006C3AA /* Release */,
			);
			defaultConfigurationIsVisible = 0;
			defaultConfigurationName = Release;
		};
		BABA5951299588B50006C3AA /* Build configuration list for PBXNativeTarget "SqaureTest" */ = {
			isa = XCConfigurationList;
			buildConfigurations = (
				BABA5952299588B50006C3AA /* Debug */,
				BABA5953299588B50006C3AA /* Release */,
			);
			defaultConfigurationIsVisible = 0;
			defaultConfigurationName = Release;
		};
		BABA5954299588B50006C3AA /* Build configuration list for PBXNativeTarget "SqaureTestTests" */ = {
			isa = XCConfigurationList;
			buildConfigurations = (
				BABA5955299588B50006C3AA /* Debug */,
				BABA5956299588B50006C3AA /* Release */,
			);
			defaultConfigurationIsVisible = 0;
			defaultConfigurationName = Release;
		};
		BABA5957299588B50006C3AA /* Build configuration list for PBXNativeTarget "SqaureTestUITests" */ = {
			isa = XCConfigurationList;
			buildConfigurations = (
				BABA5958299588B50006C3AA /* Debug */,
				BABA5959299588B50006C3AA /* Release */,
			);
			defaultConfigurationIsVisible = 0;
			defaultConfigurationName = Release;
		};
/* End XCConfigurationList section */
	};
	rootObject = BABA5924299588B40006C3AA /* Project object */;
}
